
Microsoft Visual Studio Solution File, Format Version 12.00
# Visual Studio Version 17
VisualStudioVersion = 17.0.31903.59
MinimumVisualStudioVersion = 10.0.40219.1
Project("{2150E333-8FDC-42A3-9474-1A3956D46DE8}") = "src", "src", "{827E0CD3-B72D-47B6-A68D-7590B98EB39B}"
EndProject
Project("{FAE04EC0-301F-11D3-BF4B-00C04F79EFBC}") = "ProjectHub.Domain", "src\ProjectHub.Domain\ProjectHub.Domain.csproj", "{857A4B55-9F76-4E0D-9905-5A847D511128}"
EndProject
Project("{FAE04EC0-301F-11D3-BF4B-00C04F79EFBC}") = "ProjectHub.Application", "src\ProjectHub.Application\ProjectHub.Application.csproj", "{D3D88DE8-6D9B-41AE-B997-779C64D18BEF}"
EndProject
Project("{FAE04EC0-301F-11D3-BF4B-00C04F79EFBC}") = "ProjectHub.Persistence", "src\ProjectHub.Persistence\ProjectHub.Persistence.csproj", "{E0270CF4-9D4F-4630-ABC8-9CE6203CC37A}"
EndProject
Project("{FAE04EC0-301F-11D3-BF4B-00C04F79EFBC}") = "ProjectHub.Infrastructure", "src\ProjectHub.Infrastructure\ProjectHub.Infrastructure.csproj", "{C9AF6BF0-0FDA-4422-9838-2534B159C87D}"
EndProject
Project("{FAE04EC0-301F-11D3-BF4B-00C04F79EFBC}") = "ProjectHub.API", "src\ProjectHub.API\ProjectHub.API.csproj", "{6CBF6B4D-BB30-454D-9C6A-FA7810F402FA}"
EndProject
Project("{FAE04EC0-301F-11D3-BF4B-00C04F79EFBC}") = "ProjectHub.Web", "src\ProjectHub.Web\ProjectHub.Web.csproj", "{AAEA52E6-4BB5-4582-8B0E-527FFF4203AE}"
EndProject
Project("{FAE04EC0-301F-11D3-BF4B-00C04F79EFBC}") = "ProjectHub.Application.Tests", "tests\ProjectHub.Application.Tests\ProjectHub.Application.Tests.csproj", "{F18348B6-6102-4181-B105-2BA03DA71533}"
EndProject
Project("{FAE04EC0-301F-11D3-BF4B-00C04F79EFBC}") = "ProjectHub.Domain.Tests", "tests\ProjectHub.Domain.Tests\ProjectHub.Domain.Tests.csproj", "{ED79517B-9A7A-4D88-8003-B1F098D947B2}"
EndProject
Global
	GlobalSection(SolutionConfigurationPlatforms) = preSolution
		Debug|Any CPU = Debug|Any CPU
		Debug|x64 = Debug|x64
		Debug|x86 = Debug|x86
		Release|Any CPU = Release|Any CPU
		Release|x64 = Release|x64
		Release|x86 = Release|x86
	EndGlobalSection
	GlobalSection(ProjectConfigurationPlatforms) = postSolution
		{857A4B55-9F76-4E0D-9905-5A847D511128}.Debug|Any CPU.ActiveCfg = Debug|Any CPU
		{857A4B55-9F76-4E0D-9905-5A847D511128}.Debug|Any CPU.Build.0 = Debug|Any CPU
		{857A4B55-9F76-4E0D-9905-5A847D511128}.Debug|x64.ActiveCfg = Debug|Any CPU
		{857A4B55-9F76-4E0D-9905-5A847D511128}.Debug|x64.Build.0 = Debug|Any CPU
		{857A4B55-9F76-4E0D-9905-5A847D511128}.Debug|x86.ActiveCfg = Debug|Any CPU
		{857A4B55-9F76-4E0D-9905-5A847D511128}.Debug|x86.Build.0 = Debug|Any CPU
		{857A4B55-9F76-4E0D-9905-5A847D511128}.Release|Any CPU.ActiveCfg = Release|Any CPU
		{857A4B55-9F76-4E0D-9905-5A847D511128}.Release|Any CPU.Build.0 = Release|Any CPU
		{857A4B55-9F76-4E0D-9905-5A847D511128}.Release|x64.ActiveCfg = Release|Any CPU
		{857A4B55-9F76-4E0D-9905-5A847D511128}.Release|x64.Build.0 = Release|Any CPU
		{857A4B55-9F76-4E0D-9905-5A847D511128}.Release|x86.ActiveCfg = Release|Any CPU
		{857A4B55-9F76-4E0D-9905-5A847D511128}.Release|x86.Build.0 = Release|Any CPU
		{D3D88DE8-6D9B-41AE-B997-779C64D18BEF}.Debug|Any CPU.ActiveCfg = Debug|Any CPU
		{D3D88DE8-6D9B-41AE-B997-779C64D18BEF}.Debug|Any CPU.Build.0 = Debug|Any CPU
		{D3D88DE8-6D9B-41AE-B997-779C64D18BEF}.Debug|x64.ActiveCfg = Debug|Any CPU
		{D3D88DE8-6D9B-41AE-B997-779C64D18BEF}.Debug|x64.Build.0 = Debug|Any CPU
		{D3D88DE8-6D9B-41AE-B997-779C64D18BEF}.Debug|x86.ActiveCfg = Debug|Any CPU
		{D3D88DE8-6D9B-41AE-B997-779C64D18BEF}.Debug|x86.Build.0 = Debug|Any CPU
		{D3D88DE8-6D9B-41AE-B997-779C64D18BEF}.Release|Any CPU.ActiveCfg = Release|Any CPU
		{D3D88DE8-6D9B-41AE-B997-779C64D18BEF}.Release|Any CPU.Build.0 = Release|Any CPU
		{D3D88DE8-6D9B-41AE-B997-779C64D18BEF}.Release|x64.ActiveCfg = Release|Any CPU
		{D3D88DE8-6D9B-41AE-B997-779C64D18BEF}.Release|x64.Build.0 = Release|Any CPU
		{D3D88DE8-6D9B-41AE-B997-779C64D18BEF}.Release|x86.ActiveCfg = Release|Any CPU
		{D3D88DE8-6D9B-41AE-B997-779C64D18BEF}.Release|x86.Build.0 = Release|Any CPU
		{E0270CF4-9D4F-4630-ABC8-9CE6203CC37A}.Debug|Any CPU.ActiveCfg = Debug|Any CPU
		{E0270CF4-9D4F-4630-ABC8-9CE6203CC37A}.Debug|Any CPU.Build.0 = Debug|Any CPU
		{E0270CF4-9D4F-4630-ABC8-9CE6203CC37A}.Debug|x64.ActiveCfg = Debug|Any CPU
		{E0270CF4-9D4F-4630-ABC8-9CE6203CC37A}.Debug|x64.Build.0 = Debug|Any CPU
		{E0270CF4-9D4F-4630-ABC8-9CE6203CC37A}.Debug|x86.ActiveCfg = Debug|Any CPU
		{E0270CF4-9D4F-4630-ABC8-9CE6203CC37A}.Debug|x86.Build.0 = Debug|Any CPU
		{E0270CF4-9D4F-4630-ABC8-9CE6203CC37A}.Release|Any CPU.ActiveCfg = Release|Any CPU
		{E0270CF4-9D4F-4630-ABC8-9CE6203CC37A}.Release|Any CPU.Build.0 = Release|Any CPU
		{E0270CF4-9D4F-4630-ABC8-9CE6203CC37A}.Release|x64.ActiveCfg = Release|Any CPU
		{E0270CF4-9D4F-4630-ABC8-9CE6203CC37A}.Release|x64.Build.0 = Release|Any CPU
		{E0270CF4-9D4F-4630-ABC8-9CE6203CC37A}.Release|x86.ActiveCfg = Release|Any CPU
		{E0270CF4-9D4F-4630-ABC8-9CE6203CC37A}.Release|x86.Build.0 = Release|Any CPU
		{C9AF6BF0-0FDA-4422-9838-2534B159C87D}.Debug|Any CPU.ActiveCfg = Debug|Any CPU
		{C9AF6BF0-0FDA-4422-9838-2534B159C87D}.Debug|Any CPU.Build.0 = Debug|Any CPU
		{C9AF6BF0-0FDA-4422-9838-2534B159C87D}.Debug|x64.ActiveCfg = Debug|Any CPU
		{C9AF6BF0-0FDA-4422-9838-2534B159C87D}.Debug|x64.Build.0 = Debug|Any CPU
		{C9AF6BF0-0FDA-4422-9838-2534B159C87D}.Debug|x86.ActiveCfg = Debug|Any CPU
		{C9AF6BF0-0FDA-4422-9838-2534B159C87D}.Debug|x86.Build.0 = Debug|Any CPU
		{C9AF6BF0-0FDA-4422-9838-2534B159C87D}.Release|Any CPU.ActiveCfg = Release|Any CPU
		{C9AF6BF0-0FDA-4422-9838-2534B159C87D}.Release|Any CPU.Build.0 = Release|Any CPU
		{C9AF6BF0-0FDA-4422-9838-2534B159C87D}.Release|x64.ActiveCfg = Release|Any CPU
		{C9AF6BF0-0FDA-4422-9838-2534B159C87D}.Release|x64.Build.0 = Release|Any CPU
		{C9AF6BF0-0FDA-4422-9838-2534B159C87D}.Release|x86.ActiveCfg = Release|Any CPU
		{C9AF6BF0-0FDA-4422-9838-2534B159C87D}.Release|x86.Build.0 = Release|Any CPU
		{6CBF6B4D-BB30-454D-9C6A-FA7810F402FA}.Debug|Any CPU.ActiveCfg = Debug|Any CPU
		{6CBF6B4D-BB30-454D-9C6A-FA7810F402FA}.Debug|Any CPU.Build.0 = Debug|Any CPU
		{6CBF6B4D-BB30-454D-9C6A-FA7810F402FA}.Debug|x64.ActiveCfg = Debug|Any CPU
		{6CBF6B4D-BB30-454D-9C6A-FA7810F402FA}.Debug|x64.Build.0 = Debug|Any CPU
		{6CBF6B4D-BB30-454D-9C6A-FA7810F402FA}.Debug|x86.ActiveCfg = Debug|Any CPU
		{6CBF6B4D-BB30-454D-9C6A-FA7810F402FA}.Debug|x86.Build.0 = Debug|Any CPU
		{6CBF6B4D-BB30-454D-9C6A-FA7810F402FA}.Release|Any CPU.ActiveCfg = Release|Any CPU
		{6CBF6B4D-BB30-454D-9C6A-FA7810F402FA}.Release|Any CPU.Build.0 = Release|Any CPU
		{6CBF6B4D-BB30-454D-9C6A-FA7810F402FA}.Release|x64.ActiveCfg = Release|Any CPU
		{6CBF6B4D-BB30-454D-9C6A-FA7810F402FA}.Release|x64.Build.0 = Release|Any CPU
		{6CBF6B4D-BB30-454D-9C6A-FA7810F402FA}.Release|x86.ActiveCfg = Release|Any CPU
		{6CBF6B4D-BB30-454D-9C6A-FA7810F402FA}.Release|x86.Build.0 = Release|Any CPU
		{AAEA52E6-4BB5-4582-8B0E-527FFF4203AE}.Debug|Any CPU.ActiveCfg = Debug|Any CPU
		{AAEA52E6-4BB5-4582-8B0E-527FFF4203AE}.Debug|Any CPU.Build.0 = Debug|Any CPU
		{AAEA52E6-4BB5-4582-8B0E-527FFF4203AE}.Debug|x64.ActiveCfg = Debug|Any CPU
		{AAEA52E6-4BB5-4582-8B0E-527FFF4203AE}.Debug|x64.Build.0 = Debug|Any CPU
		{AAEA52E6-4BB5-4582-8B0E-527FFF4203AE}.Debug|x86.ActiveCfg = Debug|Any CPU
		{AAEA52E6-4BB5-4582-8B0E-527FFF4203AE}.Debug|x86.Build.0 = Debug|Any CPU
		{AAEA52E6-4BB5-4582-8B0E-527FFF4203AE}.Release|Any CPU.ActiveCfg = Release|Any CPU
		{AAEA52E6-4BB5-4582-8B0E-527FFF4203AE}.Release|Any CPU.Build.0 = Release|Any CPU
		{AAEA52E6-4BB5-4582-8B0E-527FFF4203AE}.Release|x64.ActiveCfg = Release|Any CPU
		{AAEA52E6-4BB5-4582-8B0E-527FFF4203AE}.Release|x64.Build.0 = Release|Any CPU
		{AAEA52E6-4BB5-4582-8B0E-527FFF4203AE}.Release|x86.ActiveCfg = Release|Any CPU
		{AAEA52E6-4BB5-4582-8B0E-527FFF4203AE}.Release|x86.Build.0 = Release|Any CPU
		{F18348B6-6102-4181-B105-2BA03DA71533}.Debug|Any CPU.ActiveCfg = Debug|Any CPU
		{F18348B6-6102-4181-B105-2BA03DA71533}.Debug|Any CPU.Build.0 = Debug|Any CPU
		{F18348B6-6102-4181-B105-2BA03DA71533}.Debug|x64.ActiveCfg = Debug|Any CPU
		{F18348B6-6102-4181-B105-2BA03DA71533}.Debug|x64.Build.0 = Debug|Any CPU
		{F18348B6-6102-4181-B105-2BA03DA71533}.Debug|x86.ActiveCfg = Debug|Any CPU
		{F18348B6-6102-4181-B105-2BA03DA71533}.Debug|x86.Build.0 = Debug|Any CPU
		{F18348B6-6102-4181-B105-2BA03DA71533}.Release|Any CPU.ActiveCfg = Release|Any CPU
		{F18348B6-6102-4181-B105-2BA03DA71533}.Release|Any CPU.Build.0 = Release|Any CPU
		{F18348B6-6102-4181-B105-2BA03DA71533}.Release|x64.ActiveCfg = Release|Any CPU
		{F18348B6-6102-4181-B105-2BA03DA71533}.Release|x64.Build.0 = Release|Any CPU
		{F18348B6-6102-4181-B105-2BA03DA71533}.Release|x86.ActiveCfg = Release|Any CPU
		{F18348B6-6102-4181-B105-2BA03DA71533}.Release|x86.Build.0 = Release|Any CPU
		{ED79517B-9A7A-4D88-8003-B1F098D947B2}.Debug|Any CPU.ActiveCfg = Debug|Any CPU
		{ED79517B-9A7A-4D88-8003-B1F098D947B2}.Debug|Any CPU.Build.0 = Debug|Any CPU
		{ED79517B-9A7A-4D88-8003-B1F098D947B2}.Debug|x64.ActiveCfg = Debug|Any CPU
		{ED79517B-9A7A-4D88-8003-B1F098D947B2}.Debug|x64.Build.0 = Debug|Any CPU
		{ED79517B-9A7A-4D88-8003-B1F098D947B2}.Debug|x86.ActiveCfg = Debug|Any CPU
		{ED79517B-9A7A-4D88-8003-B1F098D947B2}.Debug|x86.Build.0 = Debug|Any CPU
		{ED79517B-9A7A-4D88-8003-B1F098D947B2}.Release|Any CPU.ActiveCfg = Release|Any CPU
		{ED79517B-9A7A-4D88-8003-B1F098D947B2}.Release|Any CPU.Build.0 = Release|Any CPU
		{ED79517B-9A7A-4D88-8003-B1F098D947B2}.Release|x64.ActiveCfg = Release|Any CPU
		{ED79517B-9A7A-4D88-8003-B1F098D947B2}.Release|x64.Build.0 = Release|Any CPU
		{ED79517B-9A7A-4D88-8003-B1F098D947B2}.Release|x86.ActiveCfg = Release|Any CPU
		{ED79517B-9A7A-4D88-8003-B1F098D947B2}.Release|x86.Build.0 = Release|Any CPU
	EndGlobalSection
	GlobalSection(SolutionProperties) = preSolution
		HideSolutionNode = FALSE
	EndGlobalSection
	GlobalSection(NestedProjects) = preSolution
		{857A4B55-9F76-4E0D-9905-5A847D511128} = {827E0CD3-B72D-47B6-A68D-7590B98EB39B}
		{D3D88DE8-6D9B-41AE-B997-779C64D18BEF} = {827E0CD3-B72D-47B6-A68D-7590B98EB39B}
		{E0270CF4-9D4F-4630-ABC8-9CE6203CC37A} = {827E0CD3-B72D-47B6-A68D-7590B98EB39B}
		{C9AF6BF0-0FDA-4422-9838-2534B159C87D} = {827E0CD3-B72D-47B6-A68D-7590B98EB39B}
		{6CBF6B4D-BB30-454D-9C6A-FA7810F402FA} = {827E0CD3-B72D-47B6-A68D-7590B98EB39B}
		{AAEA52E6-4BB5-4582-8B0E-527FFF4203AE} = {827E0CD3-B72D-47B6-A68D-7590B98EB39B}
		{F18348B6-6102-4181-B105-2BA03DA71533} = {827E0CD3-B72D-47B6-A68D-7590B98EB39B}
		{ED79517B-9A7A-4D88-8003-B1F098D947B2} = {827E0CD3-B72D-47B6-A68D-7590B98EB39B}
	EndGlobalSection
EndGlobal
